Microsoft Visual Studio Solution File, Format Version 12.00
# Visual Studio Version 17
VisualStudioVersion = 17.5.2.0
MinimumVisualStudioVersion = 10.0.40219.1
Project("{FAE04EC0-301F-11D3-BF4B-00C04F79EFBC}") = "methods", "methods.csproj", "{4EBD8B95-A36B-1A7A-A10C-6853D8AEA008}"
EndProject
Global
	GlobalSection(SolutionConfigurationPlatforms) = preSolution
		Debug|Any CPU = Debug|Any CPU
		Release|Any CPU = Release|Any CPU
	EndGlobalSection
	GlobalSection(ProjectConfigurationPlatforms) = postSolution
		{4EBD8B95-A36B-1A7A-A10C-6853D8AEA008}.Debug|Any CPU.ActiveCfg = Debug|Any CPU
		{4EBD8B95-A36B-1A7A-A10C-6853D8AEA008}.Debug|Any CPU.Build.0 = Debug|Any CPU
		{4EBD8B95-A36B-1A7A-A10C-6853D8AEA008}.Release|Any CPU.ActiveCfg = Release|Any CPU
		{4EBD8B95-A36B-1A7A-A10C-6853D8AEA008}.Release|Any CPU.Build.0 = Release|Any CPU
	EndGlobalSection
	GlobalSection(SolutionProperties) = preSolution
		HideSolutionNode = FALSE
	EndGlobalSection
	GlobalSection(ExtensibilityGlobals) = postSolution
		SolutionGuid = {4A5FB0D9-FCD0-4CBF-872D-53486489448A}
	EndGlobalSection
EndGlobal
