Microsoft Visual Studio Solution File, Format Version 12.00
# Visual Studio Version 17
VisualStudioVersion = 17.5.2.0
MinimumVisualStudioVersion = 10.0.40219.1
Project("{FAE04EC0-301F-11D3-BF4B-00C04F79EFBC}") = "contarpalabra", "contarpalabra.csproj", "{E288CC1A-7215-20A8-1E9E-50EF8D7CFF7B}"
EndProject
Global
	GlobalSection(SolutionConfigurationPlatforms) = preSolution
		Debug|Any CPU = Debug|Any CPU
		Release|Any CPU = Release|Any CPU
	EndGlobalSection
	GlobalSection(ProjectConfigurationPlatforms) = postSolution
		{E288CC1A-7215-20A8-1E9E-50EF8D7CFF7B}.Debug|Any CPU.ActiveCfg = Debug|Any CPU
		{E288CC1A-7215-20A8-1E9E-50EF8D7CFF7B}.Debug|Any CPU.Build.0 = Debug|Any CPU
		{E288CC1A-7215-20A8-1E9E-50EF8D7CFF7B}.Release|Any CPU.ActiveCfg = Release|Any CPU
		{E288CC1A-7215-20A8-1E9E-50EF8D7CFF7B}.Release|Any CPU.Build.0 = Release|Any CPU
	EndGlobalSection
	GlobalSection(SolutionProperties) = preSolution
		HideSolutionNode = FALSE
	EndGlobalSection
	GlobalSection(ExtensibilityGlobals) = postSolution
		SolutionGuid = {E4403A51-1660-46B9-8495-D6F533D69DB0}
	EndGlobalSection
EndGlobal
