Microsoft Visual Studio Solution File, Format Version 12.00
# Visual Studio Version 17
VisualStudioVersion = 17.5.2.0
MinimumVisualStudioVersion = 10.0.40219.1
Project("{FAE04EC0-301F-11D3-BF4B-00C04F79EFBC}") = "areatriangulo", "areatriangulo.csproj", "{76B6485F-9456-9FB5-CEC0-8D8BAD9D35AD}"
EndProject
Global
	GlobalSection(SolutionConfigurationPlatforms) = preSolution
		Debug|Any CPU = Debug|Any CPU
		Release|Any CPU = Release|Any CPU
	EndGlobalSection
	GlobalSection(ProjectConfigurationPlatforms) = postSolution
		{76B6485F-9456-9FB5-CEC0-8D8BAD9D35AD}.Debug|Any CPU.ActiveCfg = Debug|Any CPU
		{76B6485F-9456-9FB5-CEC0-8D8BAD9D35AD}.Debug|Any CPU.Build.0 = Debug|Any CPU
		{76B6485F-9456-9FB5-CEC0-8D8BAD9D35AD}.Release|Any CPU.ActiveCfg = Release|Any CPU
		{76B6485F-9456-9FB5-CEC0-8D8BAD9D35AD}.Release|Any CPU.Build.0 = Release|Any CPU
	EndGlobalSection
	GlobalSection(SolutionProperties) = preSolution
		HideSolutionNode = FALSE
	EndGlobalSection
	GlobalSection(ExtensibilityGlobals) = postSolution
		SolutionGuid = {DC8BCD0C-B877-4D74-806F-9DBA3A3D5BCE}
	EndGlobalSection
EndGlobal
